// !$*UTF8*$!
{
	archiveVersion = 1;
	classes = {
	};
	objectVersion = 50;
	objects = {

/* Begin PBXBuildFile section */
		CA1E302625E0CCB20099CE5B /* AppDelegate.swift in Sources */ = {isa = PBXBuildFile; fileRef = CA1E302525E0CCB20099CE5B /* AppDelegate.swift */; };
		CA1E302825E0CCB20099CE5B /* SceneDelegate.swift in Sources */ = {isa = PBXBuildFile; fileRef = CA1E302725E0CCB20099CE5B /* SceneDelegate.swift */; };
		CA1E302D25E0CCB20099CE5B /* Main.storyboard in Resources */ = {isa = PBXBuildFile; fileRef = CA1E302B25E0CCB20099CE5B /* Main.storyboard */; };
		CA1E302F25E0CCB40099CE5B /* Assets.xcassets in Resources */ = {isa = PBXBuildFile; fileRef = CA1E302E25E0CCB40099CE5B /* Assets.xcassets */; };
		CA1E303D25E0CCB40099CE5B /* flixterTests.swift in Sources */ = {isa = PBXBuildFile; fileRef = CA1E303C25E0CCB40099CE5B /* flixterTests.swift */; };
		CA1E304825E0CCB40099CE5B /* flixterUITests.swift in Sources */ = {isa = PBXBuildFile; fileRef = CA1E304725E0CCB40099CE5B /* flixterUITests.swift */; };
		CA2D515925E0E89500024CCA /* LaunchScreen.storyboard in Resources */ = {isa = PBXBuildFile; fileRef = CA2D515825E0E89500024CCA /* LaunchScreen.storyboard */; };
		CAD5BC3D25E0D05E00987E61 /* MoviesViewController.swift in Sources */ = {isa = PBXBuildFile; fileRef = CAD5BC3C25E0D05E00987E61 /* MoviesViewController.swift */; };
		CAD5BC7B25E0DF3200987E61 /* MovieCell.swift in Sources */ = {isa = PBXBuildFile; fileRef = CAD5BC7A25E0DF3200987E61 /* MovieCell.swift */; };
/* End PBXBuildFile section */

/* Begin PBXContainerItemProxy section */
		CA1E303925E0CCB40099CE5B /* PBXContainerItemProxy */ = {
			isa = PBXContainerItemProxy;
			containerPortal = CA1E301A25E0CCB20099CE5B /* Project object */;
			proxyType = 1;
			remoteGlobalIDString = CA1E302125E0CCB20099CE5B;
			remoteInfo = flixter;
		};
		CA1E304425E0CCB40099CE5B /* PBXContainerItemProxy */ = {
			isa = PBXContainerItemProxy;
			containerPortal = CA1E301A25E0CCB20099CE5B /* Project object */;
			proxyType = 1;
			remoteGlobalIDString = CA1E302125E0CCB20099CE5B;
			remoteInfo = flixter;
		};
/* End PBXContainerItemProxy section */

/* Begin PBXFileReference section */
		CA1E302225E0CCB20099CE5B /* flixter.app */ = {isa = PBXFileReference; explicitFileType = wrapper.application; includeInIndex = 0; path = flixter.app; sourceTree = BUILT_PRODUCTS_DIR; };
		CA1E302525E0CCB20099CE5B /* AppDelegate.swift */ = {isa = PBXFileReference; lastKnownFileType = sourcecode.swift; path = AppDelegate.swift; sourceTree = "<group>"; };
		CA1E302725E0CCB20099CE5B /* SceneDelegate.swift */ = {isa = PBXFileReference; lastKnownFileType = sourcecode.swift; path = SceneDelegate.swift; sourceTree = "<group>"; };
		CA1E302C25E0CCB20099CE5B /* Base */ = {isa = PBXFileReference; lastKnownFileType = file.storyboard; name = Base; path = Base.lproj/Main.storyboard; sourceTree = "<group>"; };
		CA1E302E25E0CCB40099CE5B /* Assets.xcassets */ = {isa = PBXFileReference; lastKnownFileType = folder.assetcatalog; path = Assets.xcassets; sourceTree = "<group>"; };
		CA1E303325E0CCB40099CE5B /* Info.plist */ = {isa = PBXFileReference; lastKnownFileType = text.plist.xml; path = Info.plist; sourceTree = "<group>"; };
		CA1E303825E0CCB40099CE5B /* flixterTests.xctest */ = {isa = PBXFileReference; explicitFileType = wrapper.cfbundle; includeInIndex = 0; path = flixterTests.xctest; sourceTree = BUILT_PRODUCTS_DIR; };
		CA1E303C25E0CCB40099CE5B /* flixterTests.swift */ = {isa = PBXFileReference; lastKnownFileType = sourcecode.swift; path = flixterTests.swift; sourceTree = "<group>"; };
		CA1E303E25E0CCB40099CE5B /* Info.plist */ = {isa = PBXFileReference; lastKnownFileType = text.plist.xml; path = Info.plist; sourceTree = "<group>"; };
		CA1E304325E0CCB40099CE5B /* flixterUITests.xctest */ = {isa = PBXFileReference; explicitFileType = wrapper.cfbundle; includeInIndex = 0; path = flixterUITests.xctest; sourceTree = BUILT_PRODUCTS_DIR; };
		CA1E304725E0CCB40099CE5B /* flixterUITests.swift */ = {isa = PBXFileReference; lastKnownFileType = sourcecode.swift; path = flixterUITests.swift; sourceTree = "<group>"; };
		CA1E304925E0CCB40099CE5B /* Info.plist */ = {isa = PBXFileReference; lastKnownFileType = text.plist.xml; path = Info.plist; sourceTree = "<group>"; };
		CA1E305825E0CE500099CE5B /* flixterTests.swift */ = {isa = PBXFileReference; lastKnownFileType = sourcecode.swift; path = flixterTests.swift; sourceTree = "<group>"; };
		CA2D515825E0E89500024CCA /* LaunchScreen.storyboard */ = {isa = PBXFileReference; fileEncoding = 4; lastKnownFileType = file.storyboard; path = LaunchScreen.storyboard; sourceTree = "<group>"; };
		CAD5BC3C25E0D05E00987E61 /* MoviesViewController.swift */ = {isa = PBXFileReference; lastKnownFileType = sourcecode.swift; path = MoviesViewController.swift; sourceTree = "<group>"; };
		CAD5BC7A25E0DF3200987E61 /* MovieCell.swift */ = {isa = PBXFileReference; lastKnownFileType = sourcecode.swift; path = MovieCell.swift; sourceTree = "<group>"; };
/* End PBXFileReference section */

/* Begin PBXFrameworksBuildPhase section */
		CA1E301F25E0CCB20099CE5B /* Frameworks */ = {
			isa = PBXFrameworksBuildPhase;
			buildActionMask = 2147483647;
			files = (
			);
			runOnlyForDeploymentPostprocessing = 0;
		};
		CA1E303525E0CCB40099CE5B /* Frameworks */ = {
			isa = PBXFrameworksBuildPhase;
			buildActionMask = 2147483647;
			files = (
			);
			runOnlyForDeploymentPostprocessing = 0;
		};
		CA1E304025E0CCB40099CE5B /* Frameworks */ = {
			isa = PBXFrameworksBuildPhase;
			buildActionMask = 2147483647;
			files = (
			);
			runOnlyForDeploymentPostprocessing = 0;
		};
/* End PBXFrameworksBuildPhase section */

/* Begin PBXGroup section */
		CA1E301925E0CCB20099CE5B = {
			isa = PBXGroup;
			children = (
				CA1E302425E0CCB20099CE5B /* flixter */,
				CA1E303B25E0CCB40099CE5B /* flixterTests */,
				CA1E305825E0CE500099CE5B /* flixterTests.swift */,
				CA1E304625E0CCB40099CE5B /* flixterUITests */,
				CA1E302325E0CCB20099CE5B /* Products */,
			);
			sourceTree = "<group>";
		};
		CA1E302325E0CCB20099CE5B /* Products */ = {
			isa = PBXGroup;
			children = (
				CA1E302225E0CCB20099CE5B /* flixter.app */,
				CA1E303825E0CCB40099CE5B /* flixterTests.xctest */,
				CA1E304325E0CCB40099CE5B /* flixterUITests.xctest */,
			);
			name = Products;
			sourceTree = "<group>";
		};
		CA1E302425E0CCB20099CE5B /* flixter */ = {
			isa = PBXGroup;
			children = (
				CA1E302525E0CCB20099CE5B /* AppDelegate.swift */,
				CA1E302725E0CCB20099CE5B /* SceneDelegate.swift */,
				CA1E302B25E0CCB20099CE5B /* Main.storyboard */,
				CAD5BC7A25E0DF3200987E61 /* MovieCell.swift */,
				CA2D515825E0E89500024CCA /* LaunchScreen.storyboard */,
				CA1E302E25E0CCB40099CE5B /* Assets.xcassets */,
				CA1E303325E0CCB40099CE5B /* Info.plist */,
				CAD5BC3C25E0D05E00987E61 /* MoviesViewController.swift */,
			);
			path = flixter;
			sourceTree = "<group>";
		};
		CA1E303B25E0CCB40099CE5B /* flixterTests */ = {
			isa = PBXGroup;
			children = (
				CA1E303C25E0CCB40099CE5B /* flixterTests.swift */,
				CA1E303E25E0CCB40099CE5B /* Info.plist */,
			);
			path = flixterTests;
			sourceTree = "<group>";
		};
		CA1E304625E0CCB40099CE5B /* flixterUITests */ = {
			isa = PBXGroup;
			children = (
				CA1E304725E0CCB40099CE5B /* flixterUITests.swift */,
				CA1E304925E0CCB40099CE5B /* Info.plist */,
			);
			path = flixterUITests;
			sourceTree = "<group>";
		};
/* End PBXGroup section */

/* Begin PBXNativeTarget section */
		CA1E302125E0CCB20099CE5B /* flixter */ = {
			isa = PBXNativeTarget;
			buildConfigurationList = CA1E304C25E0CCB40099CE5B /* Build configuration list for PBXNativeTarget "flixter" */;
			buildPhases = (
				CA1E301E25E0CCB20099CE5B /* Sources */,
				CA1E301F25E0CCB20099CE5B /* Frameworks */,
				CA1E302025E0CCB20099CE5B /* Resources */,
			);
			buildRules = (
			);
			dependencies = (
			);
			name = flixter;
			productName = flixter;
			productReference = CA1E302225E0CCB20099CE5B /* flixter.app */;
			productType = "com.apple.product-type.application";
		};
		CA1E303725E0CCB40099CE5B /* flixterTests */ = {
			isa = PBXNativeTarget;
			buildConfigurationList = CA1E304F25E0CCB40099CE5B /* Build configuration list for PBXNativeTarget "flixterTests" */;
			buildPhases = (
				CA1E303425E0CCB40099CE5B /* Sources */,
				CA1E303525E0CCB40099CE5B /* Frameworks */,
				CA1E303625E0CCB40099CE5B /* Resources */,
			);
			buildRules = (
			);
			dependencies = (
				CA1E303A25E0CCB40099CE5B /* PBXTargetDependency */,
			);
			name = flixterTests;
			productName = flixterTests;
			productReference = CA1E303825E0CCB40099CE5B /* flixterTests.xctest */;
			productType = "com.apple.product-type.bundle.unit-test";
		};
		CA1E304225E0CCB40099CE5B /* flixterUITests */ = {
			isa = PBXNativeTarget;
			buildConfigurationList = CA1E305225E0CCB40099CE5B /* Build configuration list for PBXNativeTarget "flixterUITests" */;
			buildPhases = (
				CA1E303F25E0CCB40099CE5B /* Sources */,
				CA1E304025E0CCB40099CE5B /* Frameworks */,
				CA1E304125E0CCB40099CE5B /* Resources */,
			);
			buildRules = (
			);
			dependencies = (
				CA1E304525E0CCB40099CE5B /* PBXTargetDependency */,
			);
			name = flixterUITests;
			productName = flixterUITests;
			productReference = CA1E304325E0CCB40099CE5B /* flixterUITests.xctest */;
			productType = "com.apple.product-type.bundle.ui-testing";
		};
/* End PBXNativeTarget section */

/* Begin PBXProject section */
		CA1E301A25E0CCB20099CE5B /* Project object */ = {
			isa = PBXProject;
			attributes = {
				LastSwiftUpdateCheck = 1240;
				LastUpgradeCheck = 1240;
				ORGANIZATIONNAME = bwan242;
				TargetAttributes = {
					CA1E302125E0CCB20099CE5B = {
						CreatedOnToolsVersion = 12.4;
					};
					CA1E303725E0CCB40099CE5B = {
						CreatedOnToolsVersion = 12.4;
						TestTargetID = CA1E302125E0CCB20099CE5B;
					};
					CA1E304225E0CCB40099CE5B = {
						CreatedOnToolsVersion = 12.4;
						TestTargetID = CA1E302125E0CCB20099CE5B;
					};
				};
			};
			buildConfigurationList = CA1E301D25E0CCB20099CE5B /* Build configuration list for PBXProject "flixter" */;
			compatibilityVersion = "Xcode 9.3";
			developmentRegion = en;
			hasScannedForEncodings = 0;
			knownRegions = (
				en,
				Base,
			);
			mainGroup = CA1E301925E0CCB20099CE5B;
			productRefGroup = CA1E302325E0CCB20099CE5B /* Products */;
			projectDirPath = "";
			projectRoot = "";
			targets = (
				CA1E302125E0CCB20099CE5B /* flixter */,
				CA1E303725E0CCB40099CE5B /* flixterTests */,
				CA1E304225E0CCB40099CE5B /* flixterUITests */,
			);
		};
/* End PBXProject section */

/* Begin PBXResourcesBuildPhase section */
		CA1E302025E0CCB20099CE5B /* Resources */ = {
			isa = PBXResourcesBuildPhase;
			buildActionMask = 2147483647;
			files = (
				CA2D515925E0E89500024CCA /* LaunchScreen.storyboard in Resources */,
				CA1E302F25E0CCB40099CE5B /* Assets.xcassets in Resources */,
				CA1E302D25E0CCB20099CE5B /* Main.storyboard in Resources */,
			);
			runOnlyForDeploymentPostprocessing = 0;
		};
		CA1E303625E0CCB40099CE5B /* Resources */ = {
			isa = PBXResourcesBuildPhase;
			buildActionMask = 2147483647;
			files = (
			);
			runOnlyForDeploymentPostprocessing = 0;
		};
		CA1E304125E0CCB40099CE5B /* Resources */ = {
			isa = PBXResourcesBuildPhase;
			buildActionMask = 2147483647;
			files = (
			);
			runOnlyForDeploymentPostprocessing = 0;
		};
/* End PBXResourcesBuildPhase section */

/* Begin PBXSourcesBuildPhase section */
		CA1E301E25E0CCB20099CE5B /* Sources */ = {
			isa = PBXSourcesBuildPhase;
			buildActionMask = 2147483647;
			files = (
				CA1E302625E0CCB20099CE5B /* AppDelegate.swift in Sources */,
				CA1E302825E0CCB20099CE5B /* SceneDelegate.swift in Sources */,
				CAD5BC7B25E0DF3200987E61 /* MovieCell.swift in Sources */,
				CAD5BC3D25E0D05E00987E61 /* MoviesViewController.swift in Sources */,
			);
			runOnlyForDeploymentPostprocessing = 0;
		};
		CA1E303425E0CCB40099CE5B /* Sources */ = {
			isa = PBXSourcesBuildPhase;
			buildActionMask = 2147483647;
			files = (
				CA1E303D25E0CCB40099CE5B /* flixterTests.swift in Sources */,
			);
			runOnlyForDeploymentPostprocessing = 0;
		};
		CA1E303F25E0CCB40099CE5B /* Sources */ = {
			isa = PBXSourcesBuildPhase;
			buildActionMask = 2147483647;
			files = (
				CA1E304825E0CCB40099CE5B /* flixterUITests.swift in Sources */,
			);
			runOnlyForDeploymentPostprocessing = 0;
		};
/* End PBXSourcesBuildPhase section */

/* Begin PBXTargetDependency section */
		CA1E303A25E0CCB40099CE5B /* PBXTargetDependency */ = {
			isa = PBXTargetDependency;
			target = CA1E302125E0CCB20099CE5B /* flixter */;
			targetProxy = CA1E303925E0CCB40099CE5B /* PBXContainerItemProxy */;
		};
		CA1E304525E0CCB40099CE5B /* PBXTargetDependency */ = {
			isa = PBXTargetDependency;
			target = CA1E302125E0CCB20099CE5B /* flixter */;
			targetProxy = CA1E304425E0CCB40099CE5B /* PBXContainerItemProxy */;
		};
/* End PBXTargetDependency section */

/* Begin PBXVariantGroup section */
		CA1E302B25E0CCB20099CE5B /* Main.storyboard */ = {
			isa = PBXVariantGroup;
			children = (
				CA1E302C25E0CCB20099CE5B /* Base */,
			);
			name = Main.storyboard;
			sourceTree = "<group>";
		};
/* End PBXVariantGroup section */

/* Begin XCBuildConfiguration section */
		CA1E304A25E0CCB40099CE5B /* Debug */ = {
			isa = XCBuildConfiguration;
			buildSettings = {
				ALWAYS_SEARCH_USER_PATHS = NO;
				CLANG_ANALYZER_NONNULL = YES;
				CLANG_ANALYZER_NUMBER_OBJECT_CONVERSION = YES_AGGRESSIVE;
				CLANG_CXX_LANGUAGE_STANDARD = "gnu++14";
				CLANG_CXX_LIBRARY = "libc++";
				CLANG_ENABLE_MODULES = YES;
				CLANG_ENABLE_OBJC_ARC = YES;
				CLANG_ENABLE_OBJC_WEAK = YES;
				CLANG_WARN_BLOCK_CAPTURE_AUTORELEASING = YES;
				CLANG_WARN_BOOL_CONVERSION = YES;
				CLANG_WARN_COMMA = YES;
				CLANG_WARN_CONSTANT_CONVERSION = YES;
				CLANG_WARN_DEPRECATED_OBJC_IMPLEMENTATIONS = YES;
				CLANG_WARN_DIRECT_OBJC_ISA_USAGE = YES_ERROR;
				CLANG_WARN_DOCUMENTATION_COMMENTS = YES;
				CLANG_WARN_EMPTY_BODY = YES;
				CLANG_WARN_ENUM_CONVERSION = YES;
				CLANG_WARN_INFINITE_RECURSION = YES;
				CLANG_WARN_INT_CONVERSION = YES;
				CLANG_WARN_NON_LITERAL_NULL_CONVERSION = YES;
				CLANG_WARN_OBJC_IMPLICIT_RETAIN_SELF = YES;
				CLANG_WARN_OBJC_LITERAL_CONVERSION = YES;
				CLANG_WARN_OBJC_ROOT_CLASS = YES_ERROR;
				CLANG_WARN_QUOTED_INCLUDE_IN_FRAMEWORK_HEADER = YES;
				CLANG_WARN_RANGE_LOOP_ANALYSIS = YES;
				CLANG_WARN_STRICT_PROTOTYPES = YES;
				CLANG_WARN_SUSPICIOUS_MOVE = YES;
				CLANG_WARN_UNGUARDED_AVAILABILITY = YES_AGGRESSIVE;
				CLANG_WARN_UNREACHABLE_CODE = YES;
				CLANG_WARN__DUPLICATE_METHOD_MATCH = YES;
				COPY_PHASE_STRIP = NO;
				DEBUG_INFORMATION_FORMAT = dwarf;
				ENABLE_STRICT_OBJC_MSGSEND = YES;
				ENABLE_TESTABILITY = YES;
				GCC_C_LANGUAGE_STANDARD = gnu11;
				GCC_DYNAMIC_NO_PIC = NO;
				GCC_NO_COMMON_BLOCKS = YES;
				GCC_OPTIMIZATION_LEVEL = 0;
				GCC_PREPROCESSOR_DEFINITIONS = (
					"DEBUG=1",
					"$(inherited)",
				);
				GCC_WARN_64_TO_32_BIT_CONVERSION = YES;
				GCC_WARN_ABOUT_RETURN_TYPE = YES_ERROR;
				GCC_WARN_UNDECLARED_SELECTOR = YES;
				GCC_WARN_UNINITIALIZED_AUTOS = YES_AGGRESSIVE;
				GCC_WARN_UNUSED_FUNCTION = YES;
				GCC_WARN_UNUSED_VARIABLE = YES;
				IPHONEOS_DEPLOYMENT_TARGET = 14.4;
				MTL_ENABLE_DEBUG_INFO = INCLUDE_SOURCE;
				MTL_FAST_MATH = YES;
				ONLY_ACTIVE_ARCH = YES;
				SDKROOT = iphoneos;
				SWIFT_ACTIVE_COMPILATION_CONDITIONS = DEBUG;
				SWIFT_OPTIMIZATION_LEVEL = "-Onone";
			};
			name = Debug;
		};
		CA1E304B25E0CCB40099CE5B /* Release */ = {
			isa = XCBuildConfiguration;
			buildSettings = {
				ALWAYS_SEARCH_USER_PATHS = NO;
				CLANG_ANALYZER_NONNULL = YES;
				CLANG_ANALYZER_NUMBER_OBJECT_CONVERSION = YES_AGGRESSIVE;
				CLANG_CXX_LANGUAGE_STANDARD = "gnu++14";
				CLANG_CXX_LIBRARY = "libc++";
				CLANG_ENABLE_MODULES = YES;
				CLANG_ENABLE_OBJC_ARC = YES;
				CLANG_ENABLE_OBJC_WEAK = YES;
				CLANG_WARN_BLOCK_CAPTURE_AUTORELEASING = YES;
				CLANG_WARN_BOOL_CONVERSION = YES;
				CLANG_WARN_COMMA = YES;
				CLANG_WARN_CONSTANT_CONVERSION = YES;
				CLANG_WARN_DEPRECATED_OBJC_IMPLEMENTATIONS = YES;
				CLANG_WARN_DIRECT_OBJC_ISA_USAGE = YES_ERROR;
				CLANG_WARN_DOCUMENTATION_COMMENTS = YES;
				CLANG_WARN_EMPTY_BODY = YES;
				CLANG_WARN_ENUM_CONVERSION = YES;
				CLANG_WARN_INFINITE_RECURSION = YES;
				CLANG_WARN_INT_CONVERSION = YES;
				CLANG_WARN_NON_LITERAL_NULL_CONVERSION = YES;
				CLANG_WARN_OBJC_IMPLICIT_RETAIN_SELF = YES;
				CLANG_WARN_OBJC_LITERAL_CONVERSION = YES;
				CLANG_WARN_OBJC_ROOT_CLASS = YES_ERROR;
				CLANG_WARN_QUOTED_INCLUDE_IN_FRAMEWORK_HEADER = YES;
				CLANG_WARN_RANGE_LOOP_ANALYSIS = YES;
				CLANG_WARN_STRICT_PROTOTYPES = YES;
				CLANG_WARN_SUSPICIOUS_MOVE = YES;
				CLANG_WARN_UNGUARDED_AVAILABILITY = YES_AGGRESSIVE;
				CLANG_WARN_UNREACHABLE_CODE = YES;
				CLANG_WARN__DUPLICATE_METHOD_MATCH = YES;
				COPY_PHASE_STRIP = NO;
				DEBUG_INFORMATION_FORMAT = "dwarf-with-dsym";
				ENABLE_NS_ASSERTIONS = NO;
				ENABLE_STRICT_OBJC_MSGSEND = YES;
				GCC_C_LANGUAGE_STANDARD = gnu11;
				GCC_NO_COMMON_BLOCKS = YES;
				GCC_WARN_64_TO_32_BIT_CONVERSION = YES;
				GCC_WARN_ABOUT_RETURN_TYPE = YES_ERROR;
				GCC_WARN_UNDECLARED_SELECTOR = YES;
				GCC_WARN_UNINITIALIZED_AUTOS = YES_AGGRESSIVE;
				GCC_WARN_UNUSED_FUNCTION = YES;
				GCC_WARN_UNUSED_VARIABLE = YES;
				IPHONEOS_DEPLOYMENT_TARGET = 14.4;
				MTL_ENABLE_DEBUG_INFO = NO;
				MTL_FAST_MATH = YES;
				SDKROOT = iphoneos;
				SWIFT_COMPILATION_MODE = wholemodule;
				SWIFT_OPTIMIZATION_LEVEL = "-O";
				VALIDATE_PRODUCT = YES;
			};
			name = Release;
		};
		CA1E304D25E0CCB40099CE5B /* Debug */ = {
			isa = XCBuildConfiguration;
			buildSettings = {
				ASSETCATALOG_COMPILER_APPICON_NAME = AppIcon;
				ASSETCATALOG_COMPILER_GLOBAL_ACCENT_COLOR_NAME = AccentColor;
				CODE_SIGN_STYLE = Automatic;
				INFOPLIST_FILE = flixter/Info.plist;
				LD_RUNPATH_SEARCH_PATHS = (
					"$(inherited)",
					"@executable_path/Frameworks",
				);
				PRODUCT_BUNDLE_IDENTIFIER = com.codepath.flixter;
				PRODUCT_NAME = "$(TARGET_NAME)";
				SWIFT_VERSION = 5.0;
				TARGETED_DEVICE_FAMILY = "1,2";
			};
			name = Debug;
		};
		CA1E304E25E0CCB40099CE5B /* Release */ = {
			isa = XCBuildConfiguration;
			buildSettings = {
				ASSETCATALOG_COMPILER_APPICON_NAME = AppIcon;
				ASSETCATALOG_COMPILER_GLOBAL_ACCENT_COLOR_NAME = AccentColor;
				CODE_SIGN_STYLE = Automatic;
				INFOPLIST_FILE = flixter/Info.plist;
				LD_RUNPATH_SEARCH_PATHS = (
					"$(inherited)",
					"@executable_path/Frameworks",
				);
				PRODUCT_BUNDLE_IDENTIFIER = com.codepath.flixter;
				PRODUCT_NAME = "$(TARGET_NAME)";
				SWIFT_VERSION = 5.0;
				TARGETED_DEVICE_FAMILY = "1,2";
			};
			name = Release;
		};
		CA1E305025E0CCB40099CE5B /* Debug */ = {
			isa = XCBuildConfiguration;
			buildSettings = {
				ALWAYS_EMBED_SWIFT_STANDARD_LIBRARIES = YES;
				BUNDLE_LOADER = "$(TEST_HOST)";
				CODE_SIGN_STYLE = Automatic;
				INFOPLIST_FILE = flixterTests/Info.plist;
				IPHONEOS_DEPLOYMENT_TARGET = 14.4;
				LD_RUNPATH_SEARCH_PATHS = (
					"$(inherited)",
					"@executable_path/Frameworks",
					"@loader_path/Frameworks",
				);
				PRODUCT_BUNDLE_IDENTIFIER = com.codepath.flixterTests;
				PRODUCT_NAME = "$(TARGET_NAME)";
				SWIFT_VERSION = 5.0;
				TARGETED_DEVICE_FAMILY = "1,2";
				TEST_HOST = "$(BUILT_PRODUCTS_DIR)/flixter.app/flixter";
			};
			name = Debug;
		};
		CA1E305125E0CCB40099CE5B /* Release */ = {
			isa = XCBuildConfiguration;
			buildSettings = {
				ALWAYS_EMBED_SWIFT_STANDARD_LIBRARIES = YES;
				BUNDLE_LOADER = "$(TEST_HOST)";
				CODE_SIGN_STYLE = Automatic;
				INFOPLIST_FILE = flixterTests/Info.plist;
				IPHONEOS_DEPLOYMENT_TARGET = 14.4;
				LD_RUNPATH_SEARCH_PATHS = (
					"$(inherited)",
					"@executable_path/Frameworks",
					"@loader_path/Frameworks",
				);
				PRODUCT_BUNDLE_IDENTIFIER = com.codepath.flixterTests;
				PRODUCT_NAME = "$(TARGET_NAME)";
				SWIFT_VERSION = 5.0;
				TARGETED_DEVICE_FAMILY = "1,2";
				TEST_HOST = "$(BUILT_PRODUCTS_DIR)/flixter.app/flixter";
			};
			name = Release;
		};
		CA1E305325E0CCB40099CE5B /* Debug */ = {
			isa = XCBuildConfiguration;
			buildSettings = {
				ALWAYS_EMBED_SWIFT_STANDARD_LIBRARIES = YES;
				CODE_SIGN_STYLE = Automatic;
				INFOPLIST_FILE = flixterUITests/Info.plist;
				LD_RUNPATH_SEARCH_PATHS = (
					"$(inherited)",
					"@executable_path/Frameworks",
					"@loader_path/Frameworks",
				);
				PRODUCT_BUNDLE_IDENTIFIER = com.codepath.flixterUITests;
				PRODUCT_NAME = "$(TARGET_NAME)";
				SWIFT_VERSION = 5.0;
				TARGETED_DEVICE_FAMILY = "1,2";
				TEST_TARGET_NAME = flixter;
			};
			name = Debug;
		};
		CA1E305425E0CCB40099CE5B /* Release */ = {
			isa = XCBuildConfiguration;
			buildSettings = {
				ALWAYS_EMBED_SWIFT_STANDARD_LIBRARIES = YES;
				CODE_SIGN_STYLE = Automatic;
				INFOPLIST_FILE = flixterUITests/Info.plist;
				LD_RUNPATH_SEARCH_PATHS = (
					"$(inherited)",
					"@executable_path/Frameworks",
					"@loader_path/Frameworks",
				);
				PRODUCT_BUNDLE_IDENTIFIER = com.codepath.flixterUITests;
				PRODUCT_NAME = "$(TARGET_NAME)";
				SWIFT_VERSION = 5.0;
				TARGETED_DEVICE_FAMILY = "1,2";
				TEST_TARGET_NAME = flixter;
			};
			name = Release;
		};
/* End XCBuildConfiguration section */

/* Begin XCConfigurationList section */
		CA1E301D25E0CCB20099CE5B /* Build configuration list for PBXProject "flixter" */ = {
			isa = XCConfigurationList;
			buildConfigurations = (
				CA1E304A25E0CCB40099CE5B /* Debug */,
				CA1E304B25E0CCB40099CE5B /* Release */,
			);
			defaultConfigurationIsVisible = 0;
			defaultConfigurationName = Release;
		};
		CA1E304C25E0CCB40099CE5B /* Build configuration list for PBXNativeTarget "flixter" */ = {
			isa = XCConfigurationList;
			buildConfigurations = (
				CA1E304D25E0CCB40099CE5B /* Debug */,
				CA1E304E25E0CCB40099CE5B /* Release */,
			);
			defaultConfigurationIsVisible = 0;
			defaultConfigurationName = Release;
		};
		CA1E304F25E0CCB40099CE5B /* Build configuration list for PBXNativeTarget "flixterTests" */ = {
			isa = XCConfigurationList;
			buildConfigurations = (
				CA1E305025E0CCB40099CE5B /* Debug */,
				CA1E305125E0CCB40099CE5B /* Release */,
			);
			defaultConfigurationIsVisible = 0;
			defaultConfigurationName = Release;
		};
		CA1E305225E0CCB40099CE5B /* Build configuration list for PBXNativeTarget "flixterUITests" */ = {
			isa = XCConfigurationList;
			buildConfigurations = (
				CA1E305325E0CCB40099CE5B /* Debug */,
				CA1E305425E0CCB40099CE5B /* Release */,
			);
			defaultConfigurationIsVisible = 0;
			defaultConfigurationName = Release;
		};
/* End XCConfigurationList section */
	};
	rootObject = CA1E301A25E0CCB20099CE5B /* Project object */;
}
